
Microsoft Visual Studio Solution File, Format Version 12.00
# Visual Studio Version 17
VisualStudioVersion = 17.7.34024.191
MinimumVisualStudioVersion = 10.0.40219.1
Project("{FAE04EC0-301F-11D3-BF4B-00C04F79EFBC}") = "9. Array -1 Dimensional", "9. Array -1 Dimensional\9. Array -1 Dimensional.csproj", "{8FE7C3A5-52E5-4DD3-AA4A-A7A89423B0BB}"
EndProject
Global
	GlobalSection(SolutionConfigurationPlatforms) = preSolution
		Debug|Any CPU = Debug|Any CPU
		Release|Any CPU = Release|Any CPU
	EndGlobalSection
	GlobalSection(ProjectConfigurationPlatforms) = postSolution
		{8FE7C3A5-52E5-4DD3-AA4A-A7A89423B0BB}.Debug|Any CPU.ActiveCfg = Debug|Any CPU
		{8FE7C3A5-52E5-4DD3-AA4A-A7A89423B0BB}.Debug|Any CPU.Build.0 = Debug|Any CPU
		{8FE7C3A5-52E5-4DD3-AA4A-A7A89423B0BB}.Release|Any CPU.ActiveCfg = Release|Any CPU
		{8FE7C3A5-52E5-4DD3-AA4A-A7A89423B0BB}.Release|Any CPU.Build.0 = Release|Any CPU
	EndGlobalSection
	GlobalSection(SolutionProperties) = preSolution
		HideSolutionNode = FALSE
	EndGlobalSection
	GlobalSection(ExtensibilityGlobals) = postSolution
		SolutionGuid = {AC377815-BA8A-464D-802A-DFC27E0C4F00}
	EndGlobalSection
EndGlobal
